
Microsoft Visual Studio Solution File, Format Version 12.00
# Visual Studio Version 17
VisualStudioVersion = 17.0.31903.59
MinimumVisualStudioVersion = 10.0.40219.1
Project("{2150E333-8FDC-42A3-9474-1A3956D46DE8}") = "Transactions", "Transactions", "{28131D4A-CD90-4555-A933-65B02189778E}"
EndProject
Project("{2150E333-8FDC-42A3-9474-1A3956D46DE8}") = "Summary", "Summary", "{82600C7B-E9CA-4031-8B56-B17DD06C5B47}"
EndProject
Project("{2150E333-8FDC-42A3-9474-1A3956D46DE8}") = "Core", "Core", "{46DEF8A8-964D-4544-8AFD-B308D436E76F}"
EndProject
Project("{2150E333-8FDC-42A3-9474-1A3956D46DE8}") = "0 - AppService", "0 - AppService", "{492B6C76-75D2-4C19-BCF5-3D9D10FE5FF1}"
EndProject
Project("{2150E333-8FDC-42A3-9474-1A3956D46DE8}") = "1 - Application", "1 - Application", "{F71FF570-7BEB-4187-A859-B3EF66EFC71B}"
EndProject
Project("{2150E333-8FDC-42A3-9474-1A3956D46DE8}") = "2 - Domain", "2 - Domain", "{8417830A-BEC9-47F9-BB07-5047B338C563}"
EndProject
Project("{2150E333-8FDC-42A3-9474-1A3956D46DE8}") = "3 - Infra", "3 - Infra", "{AF7440B5-63EE-409D-9F13-AB5C8408BEA5}"
EndProject
Project("{2150E333-8FDC-42A3-9474-1A3956D46DE8}") = "4 - Tests", "4 - Tests", "{B904E69B-DB5C-4F19-874C-15DF752DA52C}"
EndProject
Project("{FAE04EC0-301F-11D3-BF4B-00C04F79EFBC}") = "CashFlow.Application", "CashFlow.Application\CashFlow.Application.csproj", "{B79822D5-A054-4A0B-A18A-283612795497}"
EndProject
Project("{FAE04EC0-301F-11D3-BF4B-00C04F79EFBC}") = "CashFlow.Domain", "CashFlow.Domain\CashFlow.Domain.csproj", "{27174BAA-E295-42B4-AA2E-EF09C6CBDC3B}"
EndProject
Project("{FAE04EC0-301F-11D3-BF4B-00C04F79EFBC}") = "CashFlow.Infra", "CashFlow.Infra\CashFlow.Infra.csproj", "{FC53795F-0CC3-41E1-82E3-7A195EB40924}"
EndProject
Project("{FAE04EC0-301F-11D3-BF4B-00C04F79EFBC}") = "CashFlow.Tests", "CashFlow.Tests\CashFlow.Tests.csproj", "{4E509B11-1294-4A24-A659-1106FAFA6A54}"
EndProject
Project("{FAE04EC0-301F-11D3-BF4B-00C04F79EFBC}") = "Transaction.API", "Transaction.API\Transaction.API.csproj", "{51A32AD7-331B-4D36-B9CB-DC192A74D456}"
EndProject
Project("{FAE04EC0-301F-11D3-BF4B-00C04F79EFBC}") = "CashFlow.Worker", "CashFlow.Worker\CashFlow.Worker.csproj", "{60EECEEC-B71F-49E4-86B5-85E127CBED44}"
EndProject
Global
	GlobalSection(SolutionConfigurationPlatforms) = preSolution
		Debug|Any CPU = Debug|Any CPU
		Release|Any CPU = Release|Any CPU
	EndGlobalSection
	GlobalSection(SolutionProperties) = preSolution
		HideSolutionNode = FALSE
	EndGlobalSection
	GlobalSection(NestedProjects) = preSolution
		{82600C7B-E9CA-4031-8B56-B17DD06C5B47} = {492B6C76-75D2-4C19-BCF5-3D9D10FE5FF1}
		{28131D4A-CD90-4555-A933-65B02189778E} = {492B6C76-75D2-4C19-BCF5-3D9D10FE5FF1}
		{F71FF570-7BEB-4187-A859-B3EF66EFC71B} = {46DEF8A8-964D-4544-8AFD-B308D436E76F}
		{8417830A-BEC9-47F9-BB07-5047B338C563} = {46DEF8A8-964D-4544-8AFD-B308D436E76F}
		{AF7440B5-63EE-409D-9F13-AB5C8408BEA5} = {46DEF8A8-964D-4544-8AFD-B308D436E76F}
		{B904E69B-DB5C-4F19-874C-15DF752DA52C} = {46DEF8A8-964D-4544-8AFD-B308D436E76F}
		{B79822D5-A054-4A0B-A18A-283612795497} = {F71FF570-7BEB-4187-A859-B3EF66EFC71B}
		{27174BAA-E295-42B4-AA2E-EF09C6CBDC3B} = {8417830A-BEC9-47F9-BB07-5047B338C563}
		{FC53795F-0CC3-41E1-82E3-7A195EB40924} = {AF7440B5-63EE-409D-9F13-AB5C8408BEA5}
		{4E509B11-1294-4A24-A659-1106FAFA6A54} = {B904E69B-DB5C-4F19-874C-15DF752DA52C}
		{51A32AD7-331B-4D36-B9CB-DC192A74D456} = {28131D4A-CD90-4555-A933-65B02189778E}
		{60EECEEC-B71F-49E4-86B5-85E127CBED44} = {82600C7B-E9CA-4031-8B56-B17DD06C5B47}
	EndGlobalSection
	GlobalSection(ProjectConfigurationPlatforms) = postSolution
		{B79822D5-A054-4A0B-A18A-283612795497}.Debug|Any CPU.ActiveCfg = Debug|Any CPU
		{B79822D5-A054-4A0B-A18A-283612795497}.Debug|Any CPU.Build.0 = Debug|Any CPU
		{B79822D5-A054-4A0B-A18A-283612795497}.Release|Any CPU.ActiveCfg = Release|Any CPU
		{B79822D5-A054-4A0B-A18A-283612795497}.Release|Any CPU.Build.0 = Release|Any CPU
		{27174BAA-E295-42B4-AA2E-EF09C6CBDC3B}.Debug|Any CPU.ActiveCfg = Debug|Any CPU
		{27174BAA-E295-42B4-AA2E-EF09C6CBDC3B}.Debug|Any CPU.Build.0 = Debug|Any CPU
		{27174BAA-E295-42B4-AA2E-EF09C6CBDC3B}.Release|Any CPU.ActiveCfg = Release|Any CPU
		{27174BAA-E295-42B4-AA2E-EF09C6CBDC3B}.Release|Any CPU.Build.0 = Release|Any CPU
		{FC53795F-0CC3-41E1-82E3-7A195EB40924}.Debug|Any CPU.ActiveCfg = Debug|Any CPU
		{FC53795F-0CC3-41E1-82E3-7A195EB40924}.Debug|Any CPU.Build.0 = Debug|Any CPU
		{FC53795F-0CC3-41E1-82E3-7A195EB40924}.Release|Any CPU.ActiveCfg = Release|Any CPU
		{FC53795F-0CC3-41E1-82E3-7A195EB40924}.Release|Any CPU.Build.0 = Release|Any CPU
		{4E509B11-1294-4A24-A659-1106FAFA6A54}.Debug|Any CPU.ActiveCfg = Debug|Any CPU
		{4E509B11-1294-4A24-A659-1106FAFA6A54}.Debug|Any CPU.Build.0 = Debug|Any CPU
		{4E509B11-1294-4A24-A659-1106FAFA6A54}.Release|Any CPU.ActiveCfg = Release|Any CPU
		{4E509B11-1294-4A24-A659-1106FAFA6A54}.Release|Any CPU.Build.0 = Release|Any CPU
		{51A32AD7-331B-4D36-B9CB-DC192A74D456}.Debug|Any CPU.ActiveCfg = Debug|Any CPU
		{51A32AD7-331B-4D36-B9CB-DC192A74D456}.Debug|Any CPU.Build.0 = Debug|Any CPU
		{51A32AD7-331B-4D36-B9CB-DC192A74D456}.Release|Any CPU.ActiveCfg = Release|Any CPU
		{51A32AD7-331B-4D36-B9CB-DC192A74D456}.Release|Any CPU.Build.0 = Release|Any CPU
		{60EECEEC-B71F-49E4-86B5-85E127CBED44}.Debug|Any CPU.ActiveCfg = Debug|Any CPU
		{60EECEEC-B71F-49E4-86B5-85E127CBED44}.Debug|Any CPU.Build.0 = Debug|Any CPU
		{60EECEEC-B71F-49E4-86B5-85E127CBED44}.Release|Any CPU.ActiveCfg = Release|Any CPU
		{60EECEEC-B71F-49E4-86B5-85E127CBED44}.Release|Any CPU.Build.0 = Release|Any CPU
	EndGlobalSection
EndGlobal
