
Microsoft Visual Studio Solution File, Format Version 12.00
# Visual Studio Version 17
VisualStudioVersion = 17.0.31903.59
MinimumVisualStudioVersion = 10.0.40219.1
Project("{2150E333-8FDC-42A3-9474-1A3956D46DE8}") = "Lancamentos.API", "Lancamentos.API", "{28131D4A-CD90-4555-A933-65B02189778E}"
EndProject
Project("{2150E333-8FDC-42A3-9474-1A3956D46DE8}") = "Consolidados.Worker", "Consolidados.Worker", "{82600C7B-E9CA-4031-8B56-B17DD06C5B47}"
EndProject
Project("{2150E333-8FDC-42A3-9474-1A3956D46DE8}") = "Core", "Core", "{46DEF8A8-964D-4544-8AFD-B308D436E76F}"
EndProject
Project("{2150E333-8FDC-42A3-9474-1A3956D46DE8}") = "0 - AppService", "0 - AppService", "{492B6C76-75D2-4C19-BCF5-3D9D10FE5FF1}"
EndProject
Project("{2150E333-8FDC-42A3-9474-1A3956D46DE8}") = "1 - Application", "1 - Application", "{F71FF570-7BEB-4187-A859-B3EF66EFC71B}"
EndProject
Project("{2150E333-8FDC-42A3-9474-1A3956D46DE8}") = "2 - Domain", "2 - Domain", "{8417830A-BEC9-47F9-BB07-5047B338C563}"
EndProject
Project("{2150E333-8FDC-42A3-9474-1A3956D46DE8}") = "3 - Infra", "3 - Infra", "{AF7440B5-63EE-409D-9F13-AB5C8408BEA5}"
EndProject
Project("{2150E333-8FDC-42A3-9474-1A3956D46DE8}") = "4 - Tests", "4 - Tests", "{B904E69B-DB5C-4F19-874C-15DF752DA52C}"
EndProject
Global
	GlobalSection(SolutionConfigurationPlatforms) = preSolution
		Debug|Any CPU = Debug|Any CPU
		Release|Any CPU = Release|Any CPU
	EndGlobalSection
	GlobalSection(SolutionProperties) = preSolution
		HideSolutionNode = FALSE
	EndGlobalSection
	GlobalSection(NestedProjects) = preSolution
		{82600C7B-E9CA-4031-8B56-B17DD06C5B47} = {492B6C76-75D2-4C19-BCF5-3D9D10FE5FF1}
		{28131D4A-CD90-4555-A933-65B02189778E} = {492B6C76-75D2-4C19-BCF5-3D9D10FE5FF1}
		{F71FF570-7BEB-4187-A859-B3EF66EFC71B} = {46DEF8A8-964D-4544-8AFD-B308D436E76F}
		{8417830A-BEC9-47F9-BB07-5047B338C563} = {46DEF8A8-964D-4544-8AFD-B308D436E76F}
		{AF7440B5-63EE-409D-9F13-AB5C8408BEA5} = {46DEF8A8-964D-4544-8AFD-B308D436E76F}
		{B904E69B-DB5C-4F19-874C-15DF752DA52C} = {46DEF8A8-964D-4544-8AFD-B308D436E76F}
	EndGlobalSection
EndGlobal
